
Microsoft Visual Studio Solution File, Format Version 12.00
# Visual Studio 14
VisualStudioVersion = 14.0.25420.1
MinimumVisualStudioVersion = 10.0.40219.1
Project("{E24C65DC-7377-472B-9ABA-BC803B73C61A}") = "Airlines", "Airlines\", "{FC11A211-0EB7-494F-AF0E-614419750931}"
	ProjectSection(WebsiteProperties) = preProject
		TargetFrameworkMoniker = ".NETFramework,Version%3Dv4.5"
		Debug.AspNetCompiler.VirtualPath = "/localhost_51814"
		Debug.AspNetCompiler.PhysicalPath = "E:\Team development\62-Airlines\Airlines\"
		Debug.AspNetCompiler.TargetPath = "PrecompiledWeb\localhost_51814\"
		Debug.AspNetCompiler.Updateable = "true"
		Debug.AspNetCompiler.ForceOverwrite = "true"
		Debug.AspNetCompiler.FixedNames = "false"
		Debug.AspNetCompiler.Debug = "True"
		Release.AspNetCompiler.VirtualPath = "/localhost_51814"
		Release.AspNetCompiler.PhysicalPath = "E:\Team development\62-Airlines\Airlines\"
		Release.AspNetCompiler.TargetPath = "PrecompiledWeb\localhost_51814\"
		Release.AspNetCompiler.Updateable = "true"
		Release.AspNetCompiler.ForceOverwrite = "true"
		Release.AspNetCompiler.FixedNames = "false"
		Release.AspNetCompiler.Debug = "False"
		VWDPort = "51814"
	EndProjectSection
EndProject
Global
	GlobalSection(SolutionConfigurationPlatforms) = preSolution
		Debug|Any CPU = Debug|Any CPU
	EndGlobalSection
	GlobalSection(ProjectConfigurationPlatforms) = postSolution
		{FC11A211-0EB7-494F-AF0E-614419750931}.Debug|Any CPU.ActiveCfg = Debug|Any CPU
		{FC11A211-0EB7-494F-AF0E-614419750931}.Debug|Any CPU.Build.0 = Debug|Any CPU
	EndGlobalSection
	GlobalSection(SolutionProperties) = preSolution
		HideSolutionNode = FALSE
	EndGlobalSection
EndGlobal
